// !$*UTF8*$!
{
	archiveVersion = 1;
	classes = {
	};
	objectVersion = 50;
	objects = {

/* Begin PBXBuildFile section */
		4D02DABA26F820D6009AB3E8 /* UHGradesApp.swift in Sources */ = {isa = PBXBuildFile; fileRef = 4D02DAA726F820D6009AB3E8 /* UHGradesApp.swift */; };
		4D02DABB26F820D6009AB3E8 /* UHGradesApp.swift in Sources */ = {isa = PBXBuildFile; fileRef = 4D02DAA726F820D6009AB3E8 /* UHGradesApp.swift */; };
		4D02DABC26F820D6009AB3E8 /* ContentView.swift in Sources */ = {isa = PBXBuildFile; fileRef = 4D02DAA826F820D6009AB3E8 /* ContentView.swift */; };
		4D02DABD26F820D6009AB3E8 /* ContentView.swift in Sources */ = {isa = PBXBuildFile; fileRef = 4D02DAA826F820D6009AB3E8 /* ContentView.swift */; };
		4D02DABE26F820D6009AB3E8 /* Assets.xcassets in Resources */ = {isa = PBXBuildFile; fileRef = 4D02DAA926F820D6009AB3E8 /* Assets.xcassets */; };
		4D02DABF26F820D6009AB3E8 /* Assets.xcassets in Resources */ = {isa = PBXBuildFile; fileRef = 4D02DAA926F820D6009AB3E8 /* Assets.xcassets */; };
		4D02DAC926F8214A009AB3E8 /* GradeListViewModel.swift in Sources */ = {isa = PBXBuildFile; fileRef = 4D02DAC826F8214A009AB3E8 /* GradeListViewModel.swift */; };
		4D02DACA26F8214A009AB3E8 /* GradeListViewModel.swift in Sources */ = {isa = PBXBuildFile; fileRef = 4D02DAC826F8214A009AB3E8 /* GradeListViewModel.swift */; };
		4D02DACC26F82166009AB3E8 /* DataModel.swift in Sources */ = {isa = PBXBuildFile; fileRef = 4D02DACB26F82166009AB3E8 /* DataModel.swift */; };
		4D02DACD26F82166009AB3E8 /* DataModel.swift in Sources */ = {isa = PBXBuildFile; fileRef = 4D02DACB26F82166009AB3E8 /* DataModel.swift */; };
		7C0ADCC414139350E15055F2 /* Pods_UHGrades__macOS_.framework in Frameworks */ = {isa = PBXBuildFile; fileRef = 5764A1A9FBED053F512811BB /* Pods_UHGrades__macOS_.framework */; };
		CF98C7DB5509091207987204 /* Pods_UHGrades__iOS_.framework in Frameworks */ = {isa = PBXBuildFile; fileRef = B65167DD25DB802792242CD3 /* Pods_UHGrades__iOS_.framework */; };
/* End PBXBuildFile section */

/* Begin PBXFileReference section */
		027EEF2C01765152140F1F85 /* Pods-UHGrades (iOS).release.xcconfig */ = {isa = PBXFileReference; includeInIndex = 1; lastKnownFileType = text.xcconfig; name = "Pods-UHGrades (iOS).release.xcconfig"; path = "Target Support Files/Pods-UHGrades (iOS)/Pods-UHGrades (iOS).release.xcconfig"; sourceTree = "<group>"; };
		2AE1C482B4D9008C0F473656 /* Pods-UHGrades (macOS).release.xcconfig */ = {isa = PBXFileReference; includeInIndex = 1; lastKnownFileType = text.xcconfig; name = "Pods-UHGrades (macOS).release.xcconfig"; path = "Target Support Files/Pods-UHGrades (macOS)/Pods-UHGrades (macOS).release.xcconfig"; sourceTree = "<group>"; };
		349A248A40CF39235F200709 /* Pods-UHGrades (iOS).debug.xcconfig */ = {isa = PBXFileReference; includeInIndex = 1; lastKnownFileType = text.xcconfig; name = "Pods-UHGrades (iOS).debug.xcconfig"; path = "Target Support Files/Pods-UHGrades (iOS)/Pods-UHGrades (iOS).debug.xcconfig"; sourceTree = "<group>"; };
		48B0FDFA3CBB240B9B3CBD63 /* Pods-UHGrades (macOS).debug.xcconfig */ = {isa = PBXFileReference; includeInIndex = 1; lastKnownFileType = text.xcconfig; name = "Pods-UHGrades (macOS).debug.xcconfig"; path = "Target Support Files/Pods-UHGrades (macOS)/Pods-UHGrades (macOS).debug.xcconfig"; sourceTree = "<group>"; };
		4D02DAA726F820D6009AB3E8 /* UHGradesApp.swift */ = {isa = PBXFileReference; lastKnownFileType = sourcecode.swift; path = UHGradesApp.swift; sourceTree = "<group>"; };
		4D02DAA826F820D6009AB3E8 /* ContentView.swift */ = {isa = PBXFileReference; lastKnownFileType = sourcecode.swift; path = ContentView.swift; sourceTree = "<group>"; };
		4D02DAA926F820D6009AB3E8 /* Assets.xcassets */ = {isa = PBXFileReference; lastKnownFileType = folder.assetcatalog; path = Assets.xcassets; sourceTree = "<group>"; };
		4D02DAAE26F820D6009AB3E8 /* UHGrades.app */ = {isa = PBXFileReference; explicitFileType = wrapper.application; includeInIndex = 0; path = UHGrades.app; sourceTree = BUILT_PRODUCTS_DIR; };
		4D02DAB126F820D6009AB3E8 /* Info.plist */ = {isa = PBXFileReference; lastKnownFileType = text.plist.xml; path = Info.plist; sourceTree = "<group>"; };
		4D02DAB626F820D6009AB3E8 /* UHGrades.app */ = {isa = PBXFileReference; explicitFileType = wrapper.application; includeInIndex = 0; path = UHGrades.app; sourceTree = BUILT_PRODUCTS_DIR; };
		4D02DAB826F820D6009AB3E8 /* Info.plist */ = {isa = PBXFileReference; lastKnownFileType = text.plist.xml; path = Info.plist; sourceTree = "<group>"; };
		4D02DAB926F820D6009AB3E8 /* macOS.entitlements */ = {isa = PBXFileReference; lastKnownFileType = text.plist.entitlements; path = macOS.entitlements; sourceTree = "<group>"; };
		4D02DAC826F8214A009AB3E8 /* GradeListViewModel.swift */ = {isa = PBXFileReference; lastKnownFileType = sourcecode.swift; path = GradeListViewModel.swift; sourceTree = "<group>"; };
		4D02DACB26F82166009AB3E8 /* DataModel.swift */ = {isa = PBXFileReference; lastKnownFileType = sourcecode.swift; path = DataModel.swift; sourceTree = "<group>"; };
		5764A1A9FBED053F512811BB /* Pods_UHGrades__macOS_.framework */ = {isa = PBXFileReference; explicitFileType = wrapper.framework; includeInIndex = 0; path = Pods_UHGrades__macOS_.framework; sourceTree = BUILT_PRODUCTS_DIR; };
		B65167DD25DB802792242CD3 /* Pods_UHGrades__iOS_.framework */ = {isa = PBXFileReference; explicitFileType = wrapper.framework; includeInIndex = 0; path = Pods_UHGrades__iOS_.framework; sourceTree = BUILT_PRODUCTS_DIR; };
/* End PBXFileReference section */

/* Begin PBXFrameworksBuildPhase section */
		4D02DAAB26F820D6009AB3E8 /* Frameworks */ = {
			isa = PBXFrameworksBuildPhase;
			buildActionMask = 2147483647;
			files = (
				CF98C7DB5509091207987204 /* Pods_UHGrades__iOS_.framework in Frameworks */,
			);
			runOnlyForDeploymentPostprocessing = 0;
		};
		4D02DAB326F820D6009AB3E8 /* Frameworks */ = {
			isa = PBXFrameworksBuildPhase;
			buildActionMask = 2147483647;
			files = (
				7C0ADCC414139350E15055F2 /* Pods_UHGrades__macOS_.framework in Frameworks */,
			);
			runOnlyForDeploymentPostprocessing = 0;
		};
/* End PBXFrameworksBuildPhase section */

/* Begin PBXGroup section */
		4D02DAA126F820D6009AB3E8 = {
			isa = PBXGroup;
			children = (
				4D02DAA626F820D6009AB3E8 /* Shared */,
				4D02DAB026F820D6009AB3E8 /* iOS */,
				4D02DAB726F820D6009AB3E8 /* macOS */,
				4D02DAAF26F820D6009AB3E8 /* Products */,
				6F846DB28ADEEEC3A58EA65B /* Pods */,
				BE49886091A88492CC251170 /* Frameworks */,
			);
			sourceTree = "<group>";
		};
		4D02DAA626F820D6009AB3E8 /* Shared */ = {
			isa = PBXGroup;
			children = (
				4D02DAA726F820D6009AB3E8 /* UHGradesApp.swift */,
				4D02DAC826F8214A009AB3E8 /* GradeListViewModel.swift */,
				4D02DAA826F820D6009AB3E8 /* ContentView.swift */,
				4D02DAA926F820D6009AB3E8 /* Assets.xcassets */,
				4D02DACB26F82166009AB3E8 /* DataModel.swift */,
			);
			path = Shared;
			sourceTree = "<group>";
		};
		4D02DAAF26F820D6009AB3E8 /* Products */ = {
			isa = PBXGroup;
			children = (
				4D02DAAE26F820D6009AB3E8 /* UHGrades.app */,
				4D02DAB626F820D6009AB3E8 /* UHGrades.app */,
			);
			name = Products;
			sourceTree = "<group>";
		};
		4D02DAB026F820D6009AB3E8 /* iOS */ = {
			isa = PBXGroup;
			children = (
				4D02DAB126F820D6009AB3E8 /* Info.plist */,
			);
			path = iOS;
			sourceTree = "<group>";
		};
		4D02DAB726F820D6009AB3E8 /* macOS */ = {
			isa = PBXGroup;
			children = (
				4D02DAB826F820D6009AB3E8 /* Info.plist */,
				4D02DAB926F820D6009AB3E8 /* macOS.entitlements */,
			);
			path = macOS;
			sourceTree = "<group>";
		};
		6F846DB28ADEEEC3A58EA65B /* Pods */ = {
			isa = PBXGroup;
			children = (
				349A248A40CF39235F200709 /* Pods-UHGrades (iOS).debug.xcconfig */,
				027EEF2C01765152140F1F85 /* Pods-UHGrades (iOS).release.xcconfig */,
				48B0FDFA3CBB240B9B3CBD63 /* Pods-UHGrades (macOS).debug.xcconfig */,
				2AE1C482B4D9008C0F473656 /* Pods-UHGrades (macOS).release.xcconfig */,
			);
			path = Pods;
			sourceTree = "<group>";
		};
		BE49886091A88492CC251170 /* Frameworks */ = {
			isa = PBXGroup;
			children = (
				B65167DD25DB802792242CD3 /* Pods_UHGrades__iOS_.framework */,
				5764A1A9FBED053F512811BB /* Pods_UHGrades__macOS_.framework */,
			);
			name = Frameworks;
			sourceTree = "<group>";
		};
/* End PBXGroup section */

/* Begin PBXNativeTarget section */
		4D02DAAD26F820D6009AB3E8 /* UHGrades (iOS) */ = {
			isa = PBXNativeTarget;
			buildConfigurationList = 4D02DAC226F820D6009AB3E8 /* Build configuration list for PBXNativeTarget "UHGrades (iOS)" */;
			buildPhases = (
				613E7EE622951CF5481672CD /* [CP] Check Pods Manifest.lock */,
				4D02DAAA26F820D6009AB3E8 /* Sources */,
				4D02DAAB26F820D6009AB3E8 /* Frameworks */,
				4D02DAAC26F820D6009AB3E8 /* Resources */,
			);
			buildRules = (
			);
			dependencies = (
			);
			name = "UHGrades (iOS)";
			productName = "UHGrades (iOS)";
			productReference = 4D02DAAE26F820D6009AB3E8 /* UHGrades.app */;
			productType = "com.apple.product-type.application";
		};
		4D02DAB526F820D6009AB3E8 /* UHGrades (macOS) */ = {
			isa = PBXNativeTarget;
			buildConfigurationList = 4D02DAC526F820D6009AB3E8 /* Build configuration list for PBXNativeTarget "UHGrades (macOS)" */;
			buildPhases = (
				79E8DC6D128867EAB966787E /* [CP] Check Pods Manifest.lock */,
				4D02DAB226F820D6009AB3E8 /* Sources */,
				4D02DAB326F820D6009AB3E8 /* Frameworks */,
				4D02DAB426F820D6009AB3E8 /* Resources */,
			);
			buildRules = (
			);
			dependencies = (
			);
			name = "UHGrades (macOS)";
			productName = "UHGrades (macOS)";
			productReference = 4D02DAB626F820D6009AB3E8 /* UHGrades.app */;
			productType = "com.apple.product-type.application";
		};
/* End PBXNativeTarget section */

/* Begin PBXProject section */
		4D02DAA226F820D6009AB3E8 /* Project object */ = {
			isa = PBXProject;
			attributes = {
				LastSwiftUpdateCheck = 1250;
				LastUpgradeCheck = 1250;
				TargetAttributes = {
					4D02DAAD26F820D6009AB3E8 = {
						CreatedOnToolsVersion = 12.5.1;
					};
					4D02DAB526F820D6009AB3E8 = {
						CreatedOnToolsVersion = 12.5.1;
					};
				};
			};
			buildConfigurationList = 4D02DAA526F820D6009AB3E8 /* Build configuration list for PBXProject "UHGrades" */;
			compatibilityVersion = "Xcode 9.3";
			developmentRegion = en;
			hasScannedForEncodings = 0;
			knownRegions = (
				en,
				Base,
			);
			mainGroup = 4D02DAA126F820D6009AB3E8;
			productRefGroup = 4D02DAAF26F820D6009AB3E8 /* Products */;
			projectDirPath = "";
			projectRoot = "";
			targets = (
				4D02DAAD26F820D6009AB3E8 /* UHGrades (iOS) */,
				4D02DAB526F820D6009AB3E8 /* UHGrades (macOS) */,
			);
		};
/* End PBXProject section */

/* Begin PBXResourcesBuildPhase section */
		4D02DAAC26F820D6009AB3E8 /* Resources */ = {
			isa = PBXResourcesBuildPhase;
			buildActionMask = 2147483647;
			files = (
				4D02DABE26F820D6009AB3E8 /* Assets.xcassets in Resources */,
			);
			runOnlyForDeploymentPostprocessing = 0;
		};
		4D02DAB426F820D6009AB3E8 /* Resources */ = {
			isa = PBXResourcesBuildPhase;
			buildActionMask = 2147483647;
			files = (
				4D02DABF26F820D6009AB3E8 /* Assets.xcassets in Resources */,
			);
			runOnlyForDeploymentPostprocessing = 0;
		};
/* End PBXResourcesBuildPhase section */

/* Begin PBXShellScriptBuildPhase section */
		613E7EE622951CF5481672CD /* [CP] Check Pods Manifest.lock */ = {
			isa = PBXShellScriptBuildPhase;
			buildActionMask = 2147483647;
			files = (
			);
			inputFileListPaths = (
			);
			inputPaths = (
				"${PODS_PODFILE_DIR_PATH}/Podfile.lock",
				"${PODS_ROOT}/Manifest.lock",
			);
			name = "[CP] Check Pods Manifest.lock";
			outputFileListPaths = (
			);
			outputPaths = (
				"$(DERIVED_FILE_DIR)/Pods-UHGrades (iOS)-checkManifestLockResult.txt",
			);
			runOnlyForDeploymentPostprocessing = 0;
			shellPath = /bin/sh;
			shellScript = "diff \"${PODS_PODFILE_DIR_PATH}/Podfile.lock\" \"${PODS_ROOT}/Manifest.lock\" > /dev/null\nif [ $? != 0 ] ; then\n    # print error to STDERR\n    echo \"error: The sandbox is not in sync with the Podfile.lock. Run 'pod install' or update your CocoaPods installation.\" >&2\n    exit 1\nfi\n# This output is used by Xcode 'outputs' to avoid re-running this script phase.\necho \"SUCCESS\" > \"${SCRIPT_OUTPUT_FILE_0}\"\n";
			showEnvVarsInLog = 0;
		};
		79E8DC6D128867EAB966787E /* [CP] Check Pods Manifest.lock */ = {
			isa = PBXShellScriptBuildPhase;
			buildActionMask = 2147483647;
			files = (
			);
			inputFileListPaths = (
			);
			inputPaths = (
				"${PODS_PODFILE_DIR_PATH}/Podfile.lock",
				"${PODS_ROOT}/Manifest.lock",
			);
			name = "[CP] Check Pods Manifest.lock";
			outputFileListPaths = (
			);
			outputPaths = (
				"$(DERIVED_FILE_DIR)/Pods-UHGrades (macOS)-checkManifestLockResult.txt",
			);
			runOnlyForDeploymentPostprocessing = 0;
			shellPath = /bin/sh;
			shellScript = "diff \"${PODS_PODFILE_DIR_PATH}/Podfile.lock\" \"${PODS_ROOT}/Manifest.lock\" > /dev/null\nif [ $? != 0 ] ; then\n    # print error to STDERR\n    echo \"error: The sandbox is not in sync with the Podfile.lock. Run 'pod install' or update your CocoaPods installation.\" >&2\n    exit 1\nfi\n# This output is used by Xcode 'outputs' to avoid re-running this script phase.\necho \"SUCCESS\" > \"${SCRIPT_OUTPUT_FILE_0}\"\n";
			showEnvVarsInLog = 0;
		};
/* End PBXShellScriptBuildPhase section */

/* Begin PBXSourcesBuildPhase section */
		4D02DAAA26F820D6009AB3E8 /* Sources */ = {
			isa = PBXSourcesBuildPhase;
			buildActionMask = 2147483647;
			files = (
				4D02DABC26F820D6009AB3E8 /* ContentView.swift in Sources */,
				4D02DACC26F82166009AB3E8 /* DataModel.swift in Sources */,
				4D02DABA26F820D6009AB3E8 /* UHGradesApp.swift in Sources */,
				4D02DAC926F8214A009AB3E8 /* GradeListViewModel.swift in Sources */,
			);
			runOnlyForDeploymentPostprocessing = 0;
		};
		4D02DAB226F820D6009AB3E8 /* Sources */ = {
			isa = PBXSourcesBuildPhase;
			buildActionMask = 2147483647;
			files = (
				4D02DABD26F820D6009AB3E8 /* ContentView.swift in Sources */,
				4D02DACD26F82166009AB3E8 /* DataModel.swift in Sources */,
				4D02DABB26F820D6009AB3E8 /* UHGradesApp.swift in Sources */,
				4D02DACA26F8214A009AB3E8 /* GradeListViewModel.swift in Sources */,
			);
			runOnlyForDeploymentPostprocessing = 0;
		};
/* End PBXSourcesBuildPhase section */

/* Begin XCBuildConfiguration section */
		4D02DAC026F820D6009AB3E8 /* Debug */ = {
			isa = XCBuildConfiguration;
			buildSettings = {
				ALWAYS_SEARCH_USER_PATHS = NO;
				CLANG_ANALYZER_NONNULL = YES;
				CLANG_ANALYZER_NUMBER_OBJECT_CONVERSION = YES_AGGRESSIVE;
				CLANG_CXX_LANGUAGE_STANDARD = "gnu++14";
				CLANG_CXX_LIBRARY = "libc++";
				CLANG_ENABLE_MODULES = YES;
				CLANG_ENABLE_OBJC_ARC = YES;
				CLANG_ENABLE_OBJC_WEAK = YES;
				CLANG_WARN_BLOCK_CAPTURE_AUTORELEASING = YES;
				CLANG_WARN_BOOL_CONVERSION = YES;
				CLANG_WARN_COMMA = YES;
				CLANG_WARN_CONSTANT_CONVERSION = YES;
				CLANG_WARN_DEPRECATED_OBJC_IMPLEMENTATIONS = YES;
				CLANG_WARN_DIRECT_OBJC_ISA_USAGE = YES_ERROR;
				CLANG_WARN_DOCUMENTATION_COMMENTS = YES;
				CLANG_WARN_EMPTY_BODY = YES;
				CLANG_WARN_ENUM_CONVERSION = YES;
				CLANG_WARN_INFINITE_RECURSION = YES;
				CLANG_WARN_INT_CONVERSION = YES;
				CLANG_WARN_NON_LITERAL_NULL_CONVERSION = YES;
				CLANG_WARN_OBJC_IMPLICIT_RETAIN_SELF = YES;
				CLANG_WARN_OBJC_LITERAL_CONVERSION = YES;
				CLANG_WARN_OBJC_ROOT_CLASS = YES_ERROR;
				CLANG_WARN_QUOTED_INCLUDE_IN_FRAMEWORK_HEADER = YES;
				CLANG_WARN_RANGE_LOOP_ANALYSIS = YES;
				CLANG_WARN_STRICT_PROTOTYPES = YES;
				CLANG_WARN_SUSPICIOUS_MOVE = YES;
				CLANG_WARN_UNGUARDED_AVAILABILITY = YES_AGGRESSIVE;
				CLANG_WARN_UNREACHABLE_CODE = YES;
				CLANG_WARN__DUPLICATE_METHOD_MATCH = YES;
				COPY_PHASE_STRIP = NO;
				DEBUG_INFORMATION_FORMAT = dwarf;
				ENABLE_STRICT_OBJC_MSGSEND = YES;
				ENABLE_TESTABILITY = YES;
				GCC_C_LANGUAGE_STANDARD = gnu11;
				GCC_DYNAMIC_NO_PIC = NO;
				GCC_NO_COMMON_BLOCKS = YES;
				GCC_OPTIMIZATION_LEVEL = 0;
				GCC_PREPROCESSOR_DEFINITIONS = (
					"DEBUG=1",
					"$(inherited)",
				);
				GCC_WARN_64_TO_32_BIT_CONVERSION = YES;
				GCC_WARN_ABOUT_RETURN_TYPE = YES_ERROR;
				GCC_WARN_UNDECLARED_SELECTOR = YES;
				GCC_WARN_UNINITIALIZED_AUTOS = YES_AGGRESSIVE;
				GCC_WARN_UNUSED_FUNCTION = YES;
				GCC_WARN_UNUSED_VARIABLE = YES;
				MTL_ENABLE_DEBUG_INFO = INCLUDE_SOURCE;
				MTL_FAST_MATH = YES;
				ONLY_ACTIVE_ARCH = YES;
				SWIFT_ACTIVE_COMPILATION_CONDITIONS = DEBUG;
				SWIFT_OPTIMIZATION_LEVEL = "-Onone";
			};
			name = Debug;
		};
		4D02DAC126F820D6009AB3E8 /* Release */ = {
			isa = XCBuildConfiguration;
			buildSettings = {
				ALWAYS_SEARCH_USER_PATHS = NO;
				CLANG_ANALYZER_NONNULL = YES;
				CLANG_ANALYZER_NUMBER_OBJECT_CONVERSION = YES_AGGRESSIVE;
				CLANG_CXX_LANGUAGE_STANDARD = "gnu++14";
				CLANG_CXX_LIBRARY = "libc++";
				CLANG_ENABLE_MODULES = YES;
				CLANG_ENABLE_OBJC_ARC = YES;
				CLANG_ENABLE_OBJC_WEAK = YES;
				CLANG_WARN_BLOCK_CAPTURE_AUTORELEASING = YES;
				CLANG_WARN_BOOL_CONVERSION = YES;
				CLANG_WARN_COMMA = YES;
				CLANG_WARN_CONSTANT_CONVERSION = YES;
				CLANG_WARN_DEPRECATED_OBJC_IMPLEMENTATIONS = YES;
				CLANG_WARN_DIRECT_OBJC_ISA_USAGE = YES_ERROR;
				CLANG_WARN_DOCUMENTATION_COMMENTS = YES;
				CLANG_WARN_EMPTY_BODY = YES;
				CLANG_WARN_ENUM_CONVERSION = YES;
				CLANG_WARN_INFINITE_RECURSION = YES;
				CLANG_WARN_INT_CONVERSION = YES;
				CLANG_WARN_NON_LITERAL_NULL_CONVERSION = YES;
				CLANG_WARN_OBJC_IMPLICIT_RETAIN_SELF = YES;
				CLANG_WARN_OBJC_LITERAL_CONVERSION = YES;
				CLANG_WARN_OBJC_ROOT_CLASS = YES_ERROR;
				CLANG_WARN_QUOTED_INCLUDE_IN_FRAMEWORK_HEADER = YES;
				CLANG_WARN_RANGE_LOOP_ANALYSIS = YES;
				CLANG_WARN_STRICT_PROTOTYPES = YES;
				CLANG_WARN_SUSPICIOUS_MOVE = YES;
				CLANG_WARN_UNGUARDED_AVAILABILITY = YES_AGGRESSIVE;
				CLANG_WARN_UNREACHABLE_CODE = YES;
				CLANG_WARN__DUPLICATE_METHOD_MATCH = YES;
				COPY_PHASE_STRIP = NO;
				DEBUG_INFORMATION_FORMAT = "dwarf-with-dsym";
				ENABLE_NS_ASSERTIONS = NO;
				ENABLE_STRICT_OBJC_MSGSEND = YES;
				GCC_C_LANGUAGE_STANDARD = gnu11;
				GCC_NO_COMMON_BLOCKS = YES;
				GCC_WARN_64_TO_32_BIT_CONVERSION = YES;
				GCC_WARN_ABOUT_RETURN_TYPE = YES_ERROR;
				GCC_WARN_UNDECLARED_SELECTOR = YES;
				GCC_WARN_UNINITIALIZED_AUTOS = YES_AGGRESSIVE;
				GCC_WARN_UNUSED_FUNCTION = YES;
				GCC_WARN_UNUSED_VARIABLE = YES;
				MTL_ENABLE_DEBUG_INFO = NO;
				MTL_FAST_MATH = YES;
				SWIFT_COMPILATION_MODE = wholemodule;
				SWIFT_OPTIMIZATION_LEVEL = "-O";
			};
			name = Release;
		};
		4D02DAC326F820D6009AB3E8 /* Debug */ = {
			isa = XCBuildConfiguration;
			baseConfigurationReference = 349A248A40CF39235F200709 /* Pods-UHGrades (iOS).debug.xcconfig */;
			buildSettings = {
				ASSETCATALOG_COMPILER_APPICON_NAME = AppIcon;
				ASSETCATALOG_COMPILER_GLOBAL_ACCENT_COLOR_NAME = AccentColor;
				CODE_SIGN_STYLE = Automatic;
				DEVELOPMENT_TEAM = P9XTK3KVFD;
				ENABLE_PREVIEWS = YES;
				INFOPLIST_FILE = iOS/Info.plist;
				IPHONEOS_DEPLOYMENT_TARGET = 14.0;
				LD_RUNPATH_SEARCH_PATHS = (
					"$(inherited)",
					"@executable_path/Frameworks",
				);
				PRODUCT_BUNDLE_IDENTIFIER = com.uhgrades.UHGrades;
				PRODUCT_NAME = UHGrades;
				SDKROOT = iphoneos;
				SWIFT_VERSION = 5.0;
				TARGETED_DEVICE_FAMILY = "1,2";
			};
			name = Debug;
		};
		4D02DAC426F820D6009AB3E8 /* Release */ = {
			isa = XCBuildConfiguration;
			baseConfigurationReference = 027EEF2C01765152140F1F85 /* Pods-UHGrades (iOS).release.xcconfig */;
			buildSettings = {
				ASSETCATALOG_COMPILER_APPICON_NAME = AppIcon;
				ASSETCATALOG_COMPILER_GLOBAL_ACCENT_COLOR_NAME = AccentColor;
				CODE_SIGN_STYLE = Automatic;
				DEVELOPMENT_TEAM = P9XTK3KVFD;
				ENABLE_PREVIEWS = YES;
				INFOPLIST_FILE = iOS/Info.plist;
				IPHONEOS_DEPLOYMENT_TARGET = 14.0;
				LD_RUNPATH_SEARCH_PATHS = (
					"$(inherited)",
					"@executable_path/Frameworks",
				);
				PRODUCT_BUNDLE_IDENTIFIER = com.uhgrades.UHGrades;
				PRODUCT_NAME = UHGrades;
				SDKROOT = iphoneos;
				SWIFT_VERSION = 5.0;
				TARGETED_DEVICE_FAMILY = "1,2";
				VALIDATE_PRODUCT = YES;
			};
			name = Release;
		};
		4D02DAC626F820D6009AB3E8 /* Debug */ = {
			isa = XCBuildConfiguration;
			baseConfigurationReference = 48B0FDFA3CBB240B9B3CBD63 /* Pods-UHGrades (macOS).debug.xcconfig */;
			buildSettings = {
				ASSETCATALOG_COMPILER_APPICON_NAME = AppIcon;
				ASSETCATALOG_COMPILER_GLOBAL_ACCENT_COLOR_NAME = AccentColor;
				CODE_SIGN_ENTITLEMENTS = macOS/macOS.entitlements;
				CODE_SIGN_STYLE = Automatic;
				COMBINE_HIDPI_IMAGES = YES;
				DEVELOPMENT_TEAM = P9XTK3KVFD;
				ENABLE_HARDENED_RUNTIME = YES;
				ENABLE_PREVIEWS = YES;
				INFOPLIST_FILE = macOS/Info.plist;
				LD_RUNPATH_SEARCH_PATHS = (
					"$(inherited)",
					"@executable_path/../Frameworks",
				);
				MACOSX_DEPLOYMENT_TARGET = 11.0;
				PRODUCT_BUNDLE_IDENTIFIER = com.uhgrades.UHGrades;
				PRODUCT_NAME = UHGrades;
				SDKROOT = macosx;
				SWIFT_VERSION = 5.0;
			};
			name = Debug;
		};
		4D02DAC726F820D6009AB3E8 /* Release */ = {
			isa = XCBuildConfiguration;
			baseConfigurationReference = 2AE1C482B4D9008C0F473656 /* Pods-UHGrades (macOS).release.xcconfig */;
			buildSettings = {
				ASSETCATALOG_COMPILER_APPICON_NAME = AppIcon;
				ASSETCATALOG_COMPILER_GLOBAL_ACCENT_COLOR_NAME = AccentColor;
				CODE_SIGN_ENTITLEMENTS = macOS/macOS.entitlements;
				CODE_SIGN_STYLE = Automatic;
				COMBINE_HIDPI_IMAGES = YES;
				DEVELOPMENT_TEAM = P9XTK3KVFD;
				ENABLE_HARDENED_RUNTIME = YES;
				ENABLE_PREVIEWS = YES;
				INFOPLIST_FILE = macOS/Info.plist;
				LD_RUNPATH_SEARCH_PATHS = (
					"$(inherited)",
					"@executable_path/../Frameworks",
				);
				MACOSX_DEPLOYMENT_TARGET = 11.0;
				PRODUCT_BUNDLE_IDENTIFIER = com.uhgrades.UHGrades;
				PRODUCT_NAME = UHGrades;
				SDKROOT = macosx;
				SWIFT_VERSION = 5.0;
			};
			name = Release;
		};
/* End XCBuildConfiguration section */

/* Begin XCConfigurationList section */
		4D02DAA526F820D6009AB3E8 /* Build configuration list for PBXProject "UHGrades" */ = {
			isa = XCConfigurationList;
			buildConfigurations = (
				4D02DAC026F820D6009AB3E8 /* Debug */,
				4D02DAC126F820D6009AB3E8 /* Release */,
			);
			defaultConfigurationIsVisible = 0;
			defaultConfigurationName = Release;
		};
		4D02DAC226F820D6009AB3E8 /* Build configuration list for PBXNativeTarget "UHGrades (iOS)" */ = {
			isa = XCConfigurationList;
			buildConfigurations = (
				4D02DAC326F820D6009AB3E8 /* Debug */,
				4D02DAC426F820D6009AB3E8 /* Release */,
			);
			defaultConfigurationIsVisible = 0;
			defaultConfigurationName = Release;
		};
		4D02DAC526F820D6009AB3E8 /* Build configuration list for PBXNativeTarget "UHGrades (macOS)" */ = {
			isa = XCConfigurationList;
			buildConfigurations = (
				4D02DAC626F820D6009AB3E8 /* Debug */,
				4D02DAC726F820D6009AB3E8 /* Release */,
			);
			defaultConfigurationIsVisible = 0;
			defaultConfigurationName = Release;
		};
/* End XCConfigurationList section */
	};
	rootObject = 4D02DAA226F820D6009AB3E8 /* Project object */;
}
